
Microsoft Visual Studio Solution File, Format Version 11.00
# Visual Studio 2010
Project("{8BC9CEB8-8B4A-11D0-8D11-00A0C91BC942}") = "plugin_framework", "..\plugin_framework\plugin_framework.vcxproj", "{91A742D4-7C66-4123-92EC-4671DD4244BF}"
EndProject
Project("{8BC9CEB8-8B4A-11D0-8D11-00A0C91BC942}") = "dll_plugin", "dll_plugin.vcxproj", "{F498E685-1CF5-4900-B761-8B8515DDDBF7}"
	ProjectSection(ProjectDependencies) = postProject
		{91A742D4-7C66-4123-92EC-4671DD4244BF} = {91A742D4-7C66-4123-92EC-4671DD4244BF}
	EndProjectSection
EndProject
Project("{8BC9CEB8-8B4A-11D0-8D11-00A0C91BC942}") = "pluginTest", "testapp\pluginTest.vcxproj", "{8A2B3ACB-15CB-4229-9D8A-D1519BE65342}"
	ProjectSection(ProjectDependencies) = postProject
		{91A742D4-7C66-4123-92EC-4671DD4244BF} = {91A742D4-7C66-4123-92EC-4671DD4244BF}
	EndProjectSection
EndProject
Global
	GlobalSection(SolutionConfigurationPlatforms) = preSolution
		Debug|Win32 = Debug|Win32
		Debug|x64 = Debug|x64
		Release|Win32 = Release|Win32
		Release|x64 = Release|x64
	EndGlobalSection
	GlobalSection(ProjectConfigurationPlatforms) = postSolution
		{91A742D4-7C66-4123-92EC-4671DD4244BF}.Debug|Win32.ActiveCfg = Debug|Win32
		{91A742D4-7C66-4123-92EC-4671DD4244BF}.Debug|Win32.Build.0 = Debug|Win32
		{91A742D4-7C66-4123-92EC-4671DD4244BF}.Debug|x64.ActiveCfg = Debug|x64
		{91A742D4-7C66-4123-92EC-4671DD4244BF}.Debug|x64.Build.0 = Debug|x64
		{91A742D4-7C66-4123-92EC-4671DD4244BF}.Release|Win32.ActiveCfg = Release|Win32
		{91A742D4-7C66-4123-92EC-4671DD4244BF}.Release|Win32.Build.0 = Release|Win32
		{91A742D4-7C66-4123-92EC-4671DD4244BF}.Release|x64.ActiveCfg = Release|x64
		{91A742D4-7C66-4123-92EC-4671DD4244BF}.Release|x64.Build.0 = Release|x64
		{F498E685-1CF5-4900-B761-8B8515DDDBF7}.Debug|Win32.ActiveCfg = Debug|Win32
		{F498E685-1CF5-4900-B761-8B8515DDDBF7}.Debug|Win32.Build.0 = Debug|Win32
		{F498E685-1CF5-4900-B761-8B8515DDDBF7}.Debug|x64.ActiveCfg = Debug|x64
		{F498E685-1CF5-4900-B761-8B8515DDDBF7}.Debug|x64.Build.0 = Debug|x64
		{F498E685-1CF5-4900-B761-8B8515DDDBF7}.Release|Win32.ActiveCfg = Release|Win32
		{F498E685-1CF5-4900-B761-8B8515DDDBF7}.Release|Win32.Build.0 = Release|Win32
		{F498E685-1CF5-4900-B761-8B8515DDDBF7}.Release|x64.ActiveCfg = Release|x64
		{F498E685-1CF5-4900-B761-8B8515DDDBF7}.Release|x64.Build.0 = Release|x64
		{8A2B3ACB-15CB-4229-9D8A-D1519BE65342}.Debug|Win32.ActiveCfg = Debug|Win32
		{8A2B3ACB-15CB-4229-9D8A-D1519BE65342}.Debug|Win32.Build.0 = Debug|Win32
		{8A2B3ACB-15CB-4229-9D8A-D1519BE65342}.Debug|x64.ActiveCfg = Debug|x64
		{8A2B3ACB-15CB-4229-9D8A-D1519BE65342}.Debug|x64.Build.0 = Debug|x64
		{8A2B3ACB-15CB-4229-9D8A-D1519BE65342}.Release|Win32.ActiveCfg = Release|Win32
		{8A2B3ACB-15CB-4229-9D8A-D1519BE65342}.Release|Win32.Build.0 = Release|Win32
		{8A2B3ACB-15CB-4229-9D8A-D1519BE65342}.Release|x64.ActiveCfg = Release|x64
		{8A2B3ACB-15CB-4229-9D8A-D1519BE65342}.Release|x64.Build.0 = Release|x64
	EndGlobalSection
	GlobalSection(SolutionProperties) = preSolution
		HideSolutionNode = FALSE
	EndGlobalSection
EndGlobal
